{
  "name": "untitled-14",
  "version": "1.0.0",
  "lockfileVersion": 2,
  "requires": true,
  "packages": {
    "": {
      "name": "untitled-14",
      "version": "1.0.0",
      "license": "ISC",
      "devDependencies": {
        "slide-ruler": "^1.2.1"
      }
    },
    "node_modules/slide-ruler": {
      "version": "1.2.1",
      "resolved": "https://registry.npmjs.org/slide-ruler/-/slide-ruler-1.2.1.tgz",
      "integrity": "sha512-Ips20KmgfBBRTauT5n/vfW2UcK0P/f5TibF8ZwUBBb/ryle3q4B2cxm/PMCZ4XzxdEhiT+Bkbn0+Z1QNh+XgrA==",
      "dev": true
    }
  },
  "dependencies": {
    "slide-ruler": {
      "version": "1.2.1",
      "resolved": "https://registry.npmjs.org/slide-ruler/-/slide-ruler-1.2.1.tgz",
      "integrity": "sha512-Ips20KmgfBBRTauT5n/vfW2UcK0P/f5TibF8ZwUBBb/ryle3q4B2cxm/PMCZ4XzxdEhiT+Bkbn0+Z1QNh+XgrA==",
      "dev": true
    }
  }
}
